{
  "name": "thikira-back-end",
  "version": "0.0.1",
  "lockfileVersion": 1,
  "requires": true,
  "dependencies": {
    "yarn": {
      "version": "2.0.0-rc.27",
      "resolved": "https://registry.npmjs.org/yarn/-/yarn-2.0.0-rc.27.tgz",
      "integrity": "sha512-hWnJHN87yb1gYA2ZXD42JFGShEMYU/pX7M0qAzTKyns2CMrt3dKxb2/SkaqoqVtymKfjBnk3JlX+tpEXD1swgQ=="
    }
  }
}
